{
    "version": 3,
    "terraform_version": "0.10.8",
    "serial": 49,
    "lineage": "f24f52a5-ce41-4cb8-a07c-6624401991c0",
    "modules": [
        {
            "path": [
                "root"
            ],
            "outputs": {
                "public_ip": {
                    "sensitive": true,
                    "type": "list",
                    "value": [
                        "34.216.115.161",
                        "35.161.179.174",
                        "34.215.115.49"
                    ]
                }
            },
            "resources": {
                "aws_instance.database.0": {
                    "type": "aws_instance",
                    "depends_on": [
                        "aws_key_pair.deployer"
                    ],
                    "primary": {
                        "id": "i-0ceaafdbc0bbf7e23",
                        "attributes": {
                            "ami": "ami-bf4193c7",
                            "associate_public_ip_address": "true",
                            "availability_zone": "us-west-2a",
                            "disable_api_termination": "false",
                            "ebs_block_device.#": "0",
                            "ebs_optimized": "false",
                            "ephemeral_block_device.#": "0",
                            "iam_instance_profile": "",
                            "id": "i-0ceaafdbc0bbf7e23",
                            "instance_state": "running",
                            "instance_type": "t2.micro",
                            "ipv6_addresses.#": "0",
                            "key_name": "deployer-key",
                            "monitoring": "false",
                            "network_interface.#": "0",
                            "network_interface_id": "eni-2fa13b0d",
                            "placement_group": "",
                            "primary_network_interface_id": "eni-2fa13b0d",
                            "private_dns": "ip-172-31-31-210.us-west-2.compute.internal",
                            "private_ip": "172.31.31.210",
                            "public_dns": "ec2-34-216-115-161.us-west-2.compute.amazonaws.com",
                            "public_ip": "34.216.115.161",
                            "root_block_device.#": "1",
                            "root_block_device.0.delete_on_termination": "true",
                            "root_block_device.0.iops": "100",
                            "root_block_device.0.volume_size": "8",
                            "root_block_device.0.volume_type": "gp2",
                            "security_groups.#": "1",
                            "security_groups.3814588639": "default",
                            "source_dest_check": "true",
                            "subnet_id": "subnet-05227663",
                            "tags.%": "0",
                            "tenancy": "default",
                            "volume_tags.%": "0",
                            "vpc_security_group_ids.#": "0"
                        },
                        "meta": {
                            "e2bfb730-ecaa-11e6-8f88-34363bc7c4c0": {
                                "create": 600000000000,
                                "delete": 600000000000,
                                "update": 600000000000
                            },
                            "schema_version": "1"
                        },
                        "tainted": false
                    },
                    "deposed": [],
                    "provider": ""
                },
                "aws_instance.database.1": {
                    "type": "aws_instance",
                    "depends_on": [
                        "aws_key_pair.deployer"
                    ],
                    "primary": {
                        "id": "i-0581849974af5c770",
                        "attributes": {
                            "ami": "ami-bf4193c7",
                            "associate_public_ip_address": "true",
                            "availability_zone": "us-west-2a",
                            "disable_api_termination": "false",
                            "ebs_block_device.#": "0",
                            "ebs_optimized": "false",
                            "ephemeral_block_device.#": "0",
                            "iam_instance_profile": "",
                            "id": "i-0581849974af5c770",
                            "instance_state": "running",
                            "instance_type": "t2.micro",
                            "ipv6_addresses.#": "0",
                            "key_name": "deployer-key",
                            "monitoring": "false",
                            "network_interface.#": "0",
                            "network_interface_id": "eni-f2a73dd0",
                            "placement_group": "",
                            "primary_network_interface_id": "eni-f2a73dd0",
                            "private_dns": "ip-172-31-31-218.us-west-2.compute.internal",
                            "private_ip": "172.31.31.218",
                            "public_dns": "ec2-35-161-179-174.us-west-2.compute.amazonaws.com",
                            "public_ip": "35.161.179.174",
                            "root_block_device.#": "1",
                            "root_block_device.0.delete_on_termination": "true",
                            "root_block_device.0.iops": "100",
                            "root_block_device.0.volume_size": "8",
                            "root_block_device.0.volume_type": "gp2",
                            "security_groups.#": "1",
                            "security_groups.3814588639": "default",
                            "source_dest_check": "true",
                            "subnet_id": "subnet-05227663",
                            "tags.%": "0",
                            "tenancy": "default",
                            "volume_tags.%": "0",
                            "vpc_security_group_ids.#": "0"
                        },
                        "meta": {
                            "e2bfb730-ecaa-11e6-8f88-34363bc7c4c0": {
                                "create": 600000000000,
                                "delete": 600000000000,
                                "update": 600000000000
                            },
                            "schema_version": "1"
                        },
                        "tainted": false
                    },
                    "deposed": [],
                    "provider": ""
                },
                "aws_instance.database.2": {
                    "type": "aws_instance",
                    "depends_on": [
                        "aws_key_pair.deployer"
                    ],
                    "primary": {
                        "id": "i-09ba33f21744d1c5d",
                        "attributes": {
                            "ami": "ami-bf4193c7",
                            "associate_public_ip_address": "true",
                            "availability_zone": "us-west-2a",
                            "disable_api_termination": "false",
                            "ebs_block_device.#": "0",
                            "ebs_optimized": "false",
                            "ephemeral_block_device.#": "0",
                            "iam_instance_profile": "",
                            "id": "i-09ba33f21744d1c5d",
                            "instance_state": "running",
                            "instance_type": "t2.micro",
                            "ipv6_addresses.#": "0",
                            "key_name": "deployer-key",
                            "monitoring": "false",
                            "network_interface.#": "0",
                            "network_interface_id": "eni-3c5bc11e",
                            "placement_group": "",
                            "primary_network_interface_id": "eni-3c5bc11e",
                            "private_dns": "ip-172-31-19-182.us-west-2.compute.internal",
                            "private_ip": "172.31.19.182",
                            "public_dns": "ec2-34-215-115-49.us-west-2.compute.amazonaws.com",
                            "public_ip": "34.215.115.49",
                            "root_block_device.#": "1",
                            "root_block_device.0.delete_on_termination": "true",
                            "root_block_device.0.iops": "100",
                            "root_block_device.0.volume_size": "8",
                            "root_block_device.0.volume_type": "gp2",
                            "security_groups.#": "1",
                            "security_groups.3814588639": "default",
                            "source_dest_check": "true",
                            "subnet_id": "subnet-05227663",
                            "tags.%": "0",
                            "tenancy": "default",
                            "volume_tags.%": "0",
                            "vpc_security_group_ids.#": "0"
                        },
                        "meta": {
                            "e2bfb730-ecaa-11e6-8f88-34363bc7c4c0": {
                                "create": 600000000000,
                                "delete": 600000000000,
                                "update": 600000000000
                            },
                            "schema_version": "1"
                        },
                        "tainted": false
                    },
                    "deposed": [],
                    "provider": ""
                },
                "aws_key_pair.deployer": {
                    "type": "aws_key_pair",
                    "depends_on": [],
                    "primary": {
                        "id": "deployer-key",
                        "attributes": {
                            "id": "deployer-key",
                            "key_name": "deployer-key",
                            "public_key": "ssh-rsa AAAAB3NzaC1yc2EAAAADAQABAAABAQCsS72GqdT+heklM2qpjwWl7skdsEvAPQh19meW/jAD0QURiAKRs0LAfuA/DrOTD5y5KuR/SbELbOlGw1g7n+ld8Rf5ClX3n4rVFYaKt7oQ8KARdci5c0AptBT07RSZO4yQ6whh0anM1Q8K84i4lIz+t0JdCmW0VKhdntA14oHlIQFKRM4ykJT1CFngrgo3/Of0qUl8lkSYbD7K0h0VeH4g8LbLDXCqurWXoQCGTUxzexQ+vGhq6K5kFclBpVzTIj9rL+nfbVutRItQnsrpWjQBpF2Ad91H+l4VyCV5eduwL70bEFTVvWEOT15NfRHBuLxW4xEK8UU+Qq2RrtYdqlfv root@Terraform-Server"
                        },
                        "meta": {
                            "schema_version": "1"
                        },
                        "tainted": false
                    },
                    "deposed": [],
                    "provider": ""
                },
                "null_resource.web": {
                    "type": "null_resource",
                    "depends_on": [
                        "aws_instance.database"
                    ],
                    "primary": {
                        "id": "6509919153459263357",
                        "attributes": {
                            "id": "6509919153459263357"
                        },
                        "meta": {},
                        "tainted": false
                    },
                    "deposed": [],
                    "provider": ""
                }
            },
            "depends_on": []
        }
    ]
}
